// !$*UTF8*$!
{
	archiveVersion = 1;
	classes = {
	};
	objectVersion = 46;
	objects = {

/* Begin PBXBuildFile section */
		33FBD39A1DB8CA2900788830 /* AppDelegate.swift in Sources */ = {isa = PBXBuildFile; fileRef = 33FBD3991DB8CA2800788830 /* AppDelegate.swift */; };
		33FBD39C1DB8CA2900788830 /* ViewController.swift in Sources */ = {isa = PBXBuildFile; fileRef = 33FBD39B1DB8CA2900788830 /* ViewController.swift */; };
		33FBD39F1DB8CA2900788830 /* Main.storyboard in Resources */ = {isa = PBXBuildFile; fileRef = 33FBD39D1DB8CA2900788830 /* Main.storyboard */; };
		33FBD3A21DB8CA2900788830 /* Keychain_Example_Login.xcdatamodeld in Sources */ = {isa = PBXBuildFile; fileRef = 33FBD3A01DB8CA2900788830 /* Keychain_Example_Login.xcdatamodeld */; };
		33FBD3A41DB8CA2900788830 /* Assets.xcassets in Resources */ = {isa = PBXBuildFile; fileRef = 33FBD3A31DB8CA2900788830 /* Assets.xcassets */; };
		33FBD3A71DB8CA2900788830 /* LaunchScreen.storyboard in Resources */ = {isa = PBXBuildFile; fileRef = 33FBD3A51DB8CA2900788830 /* LaunchScreen.storyboard */; };
/* End PBXBuildFile section */

/* Begin PBXFileReference section */
		33FBD3961DB8CA2800788830 /* Keychain-Example-Login.app */ = {isa = PBXFileReference; explicitFileType = wrapper.application; includeInIndex = 0; path = "Keychain-Example-Login.app"; sourceTree = BUILT_PRODUCTS_DIR; };
		33FBD3991DB8CA2800788830 /* AppDelegate.swift */ = {isa = PBXFileReference; lastKnownFileType = sourcecode.swift; path = AppDelegate.swift; sourceTree = "<group>"; };
		33FBD39B1DB8CA2900788830 /* ViewController.swift */ = {isa = PBXFileReference; lastKnownFileType = sourcecode.swift; path = ViewController.swift; sourceTree = "<group>"; };
		33FBD39E1DB8CA2900788830 /* Base */ = {isa = PBXFileReference; lastKnownFileType = file.storyboard; name = Base; path = Base.lproj/Main.storyboard; sourceTree = "<group>"; };
		33FBD3A11DB8CA2900788830 /* Keychain_Example_Login.xcdatamodel */ = {isa = PBXFileReference; lastKnownFileType = wrapper.xcdatamodel; path = Keychain_Example_Login.xcdatamodel; sourceTree = "<group>"; };
		33FBD3A31DB8CA2900788830 /* Assets.xcassets */ = {isa = PBXFileReference; lastKnownFileType = folder.assetcatalog; path = Assets.xcassets; sourceTree = "<group>"; };
		33FBD3A61DB8CA2900788830 /* Base */ = {isa = PBXFileReference; lastKnownFileType = file.storyboard; name = Base; path = Base.lproj/LaunchScreen.storyboard; sourceTree = "<group>"; };
		33FBD3A81DB8CA2900788830 /* Info.plist */ = {isa = PBXFileReference; lastKnownFileType = text.plist.xml; path = Info.plist; sourceTree = "<group>"; };
/* End PBXFileReference section */

/* Begin PBXFrameworksBuildPhase section */
		33FBD3931DB8CA2800788830 /* Frameworks */ = {
			isa = PBXFrameworksBuildPhase;
			buildActionMask = 2147483647;
			files = (
			);
			runOnlyForDeploymentPostprocessing = 0;
		};
/* End PBXFrameworksBuildPhase section */

/* Begin PBXGroup section */
		33FBD38D1DB8CA2800788830 = {
			isa = PBXGroup;
			children = (
				33FBD3981DB8CA2800788830 /* Keychain-Example-Login */,
				33FBD3971DB8CA2800788830 /* Products */,
			);
			sourceTree = "<group>";
		};
		33FBD3971DB8CA2800788830 /* Products */ = {
			isa = PBXGroup;
			children = (
				33FBD3961DB8CA2800788830 /* Keychain-Example-Login.app */,
			);
			name = Products;
			sourceTree = "<group>";
		};
		33FBD3981DB8CA2800788830 /* Keychain-Example-Login */ = {
			isa = PBXGroup;
			children = (
				33FBD3991DB8CA2800788830 /* AppDelegate.swift */,
				33FBD39B1DB8CA2900788830 /* ViewController.swift */,
				33FBD39D1DB8CA2900788830 /* Main.storyboard */,
				33FBD3A31DB8CA2900788830 /* Assets.xcassets */,
				33FBD3A51DB8CA2900788830 /* LaunchScreen.storyboard */,
				33FBD3A81DB8CA2900788830 /* Info.plist */,
				33FBD3A01DB8CA2900788830 /* Keychain_Example_Login.xcdatamodeld */,
			);
			path = "Keychain-Example-Login";
			sourceTree = "<group>";
		};
/* End PBXGroup section */

/* Begin PBXNativeTarget section */
		33FBD3951DB8CA2800788830 /* Keychain-Example-Login */ = {
			isa = PBXNativeTarget;
			buildConfigurationList = 33FBD3AB1DB8CA2900788830 /* Build configuration list for PBXNativeTarget "Keychain-Example-Login" */;
			buildPhases = (
				33FBD3921DB8CA2800788830 /* Sources */,
				33FBD3931DB8CA2800788830 /* Frameworks */,
				33FBD3941DB8CA2800788830 /* Resources */,
			);
			buildRules = (
			);
			dependencies = (
			);
			name = "Keychain-Example-Login";
			productName = "Keychain-Example-Login";
			productReference = 33FBD3961DB8CA2800788830 /* Keychain-Example-Login.app */;
			productType = "com.apple.product-type.application";
		};
/* End PBXNativeTarget section */

/* Begin PBXProject section */
		33FBD38E1DB8CA2800788830 /* Project object */ = {
			isa = PBXProject;
			attributes = {
				LastSwiftUpdateCheck = 0730;
				LastUpgradeCheck = 0730;
				ORGANIZATIONNAME = Introp;
				TargetAttributes = {
					33FBD3951DB8CA2800788830 = {
						CreatedOnToolsVersion = 7.3.1;
					};
				};
			};
			buildConfigurationList = 33FBD3911DB8CA2800788830 /* Build configuration list for PBXProject "Keychain-Example-Login" */;
			compatibilityVersion = "Xcode 3.2";
			developmentRegion = English;
			hasScannedForEncodings = 0;
			knownRegions = (
				en,
				Base,
			);
			mainGroup = 33FBD38D1DB8CA2800788830;
			productRefGroup = 33FBD3971DB8CA2800788830 /* Products */;
			projectDirPath = "";
			projectRoot = "";
			targets = (
				33FBD3951DB8CA2800788830 /* Keychain-Example-Login */,
			);
		};
/* End PBXProject section */

/* Begin PBXResourcesBuildPhase section */
		33FBD3941DB8CA2800788830 /* Resources */ = {
			isa = PBXResourcesBuildPhase;
			buildActionMask = 2147483647;
			files = (
				33FBD3A71DB8CA2900788830 /* LaunchScreen.storyboard in Resources */,
				33FBD3A41DB8CA2900788830 /* Assets.xcassets in Resources */,
				33FBD39F1DB8CA2900788830 /* Main.storyboard in Resources */,
			);
			runOnlyForDeploymentPostprocessing = 0;
		};
/* End PBXResourcesBuildPhase section */

/* Begin PBXSourcesBuildPhase section */
		33FBD3921DB8CA2800788830 /* Sources */ = {
			isa = PBXSourcesBuildPhase;
			buildActionMask = 2147483647;
			files = (
				33FBD39C1DB8CA2900788830 /* ViewController.swift in Sources */,
				33FBD39A1DB8CA2900788830 /* AppDelegate.swift in Sources */,
				33FBD3A21DB8CA2900788830 /* Keychain_Example_Login.xcdatamodeld in Sources */,
			);
			runOnlyForDeploymentPostprocessing = 0;
		};
/* End PBXSourcesBuildPhase section */

/* Begin PBXVariantGroup section */
		33FBD39D1DB8CA2900788830 /* Main.storyboard */ = {
			isa = PBXVariantGroup;
			children = (
				33FBD39E1DB8CA2900788830 /* Base */,
			);
			name = Main.storyboard;
			sourceTree = "<group>";
		};
		33FBD3A51DB8CA2900788830 /* LaunchScreen.storyboard */ = {
			isa = PBXVariantGroup;
			children = (
				33FBD3A61DB8CA2900788830 /* Base */,
			);
			name = LaunchScreen.storyboard;
			sourceTree = "<group>";
		};
/* End PBXVariantGroup section */

/* Begin XCBuildConfiguration section */
		33FBD3A91DB8CA2900788830 /* Debug */ = {
			isa = XCBuildConfiguration;
			buildSettings = {
				ALWAYS_SEARCH_USER_PATHS = NO;
				CLANG_ANALYZER_NONNULL = YES;
				CLANG_CXX_LANGUAGE_STANDARD = "gnu++0x";
				CLANG_CXX_LIBRARY = "libc++";
				CLANG_ENABLE_MODULES = YES;
				CLANG_ENABLE_OBJC_ARC = YES;
				CLANG_WARN_BOOL_CONVERSION = YES;
				CLANG_WARN_CONSTANT_CONVERSION = YES;
				CLANG_WARN_DIRECT_OBJC_ISA_USAGE = YES_ERROR;
				CLANG_WARN_EMPTY_BODY = YES;
				CLANG_WARN_ENUM_CONVERSION = YES;
				CLANG_WARN_INT_CONVERSION = YES;
				CLANG_WARN_OBJC_ROOT_CLASS = YES_ERROR;
				CLANG_WARN_UNREACHABLE_CODE = YES;
				CLANG_WARN__DUPLICATE_METHOD_MATCH = YES;
				"CODE_SIGN_IDENTITY[sdk=iphoneos*]" = "iPhone Developer";
				COPY_PHASE_STRIP = NO;
				DEBUG_INFORMATION_FORMAT = dwarf;
				ENABLE_STRICT_OBJC_MSGSEND = YES;
				ENABLE_TESTABILITY = YES;
				GCC_C_LANGUAGE_STANDARD = gnu99;
				GCC_DYNAMIC_NO_PIC = NO;
				GCC_NO_COMMON_BLOCKS = YES;
				GCC_OPTIMIZATION_LEVEL = 0;
				GCC_PREPROCESSOR_DEFINITIONS = (
					"DEBUG=1",
					"$(inherited)",
				);
				GCC_WARN_64_TO_32_BIT_CONVERSION = YES;
				GCC_WARN_ABOUT_RETURN_TYPE = YES_ERROR;
				GCC_WARN_UNDECLARED_SELECTOR = YES;
				GCC_WARN_UNINITIALIZED_AUTOS = YES_AGGRESSIVE;
				GCC_WARN_UNUSED_FUNCTION = YES;
				GCC_WARN_UNUSED_VARIABLE = YES;
				IPHONEOS_DEPLOYMENT_TARGET = 9.3;
				MTL_ENABLE_DEBUG_INFO = YES;
				ONLY_ACTIVE_ARCH = YES;
				SDKROOT = iphoneos;
				SWIFT_OPTIMIZATION_LEVEL = "-Onone";
				TARGETED_DEVICE_FAMILY = "1,2";
			};
			name = Debug;
		};
		33FBD3AA1DB8CA2900788830 /* Release */ = {
			isa = XCBuildConfiguration;
			buildSettings = {
				ALWAYS_SEARCH_USER_PATHS = NO;
				CLANG_ANALYZER_NONNULL = YES;
				CLANG_CXX_LANGUAGE_STANDARD = "gnu++0x";
				CLANG_CXX_LIBRARY = "libc++";
				CLANG_ENABLE_MODULES = YES;
				CLANG_ENABLE_OBJC_ARC = YES;
				CLANG_WARN_BOOL_CONVERSION = YES;
				CLANG_WARN_CONSTANT_CONVERSION = YES;
				CLANG_WARN_DIRECT_OBJC_ISA_USAGE = YES_ERROR;
				CLANG_WARN_EMPTY_BODY = YES;
				CLANG_WARN_ENUM_CONVERSION = YES;
				CLANG_WARN_INT_CONVERSION = YES;
				CLANG_WARN_OBJC_ROOT_CLASS = YES_ERROR;
				CLANG_WARN_UNREACHABLE_CODE = YES;
				CLANG_WARN__DUPLICATE_METHOD_MATCH = YES;
				"CODE_SIGN_IDENTITY[sdk=iphoneos*]" = "iPhone Developer";
				COPY_PHASE_STRIP = NO;
				DEBUG_INFORMATION_FORMAT = "dwarf-with-dsym";
				ENABLE_NS_ASSERTIONS = NO;
				ENABLE_STRICT_OBJC_MSGSEND = YES;
				GCC_C_LANGUAGE_STANDARD = gnu99;
				GCC_NO_COMMON_BLOCKS = YES;
				GCC_WARN_64_TO_32_BIT_CONVERSION = YES;
				GCC_WARN_ABOUT_RETURN_TYPE = YES_ERROR;
				GCC_WARN_UNDECLARED_SELECTOR = YES;
				GCC_WARN_UNINITIALIZED_AUTOS = YES_AGGRESSIVE;
				GCC_WARN_UNUSED_FUNCTION = YES;
				GCC_WARN_UNUSED_VARIABLE = YES;
				IPHONEOS_DEPLOYMENT_TARGET = 9.3;
				MTL_ENABLE_DEBUG_INFO = NO;
				SDKROOT = iphoneos;
				TARGETED_DEVICE_FAMILY = "1,2";
				VALIDATE_PRODUCT = YES;
			};
			name = Release;
		};
		33FBD3AC1DB8CA2900788830 /* Debug */ = {
			isa = XCBuildConfiguration;
			buildSettings = {
				ASSETCATALOG_COMPILER_APPICON_NAME = AppIcon;
				INFOPLIST_FILE = "Keychain-Example-Login/Info.plist";
				LD_RUNPATH_SEARCH_PATHS = "$(inherited) @executable_path/Frameworks";
				PRODUCT_BUNDLE_IDENTIFIER = "com.example.Keychain-Example-Login";
				PRODUCT_NAME = "$(TARGET_NAME)";
			};
			name = Debug;
		};
		33FBD3AD1DB8CA2900788830 /* Release */ = {
			isa = XCBuildConfiguration;
			buildSettings = {
				ASSETCATALOG_COMPILER_APPICON_NAME = AppIcon;
				INFOPLIST_FILE = "Keychain-Example-Login/Info.plist";
				LD_RUNPATH_SEARCH_PATHS = "$(inherited) @executable_path/Frameworks";
				PRODUCT_BUNDLE_IDENTIFIER = "com.example.Keychain-Example-Login";
				PRODUCT_NAME = "$(TARGET_NAME)";
			};
			name = Release;
		};
/* End XCBuildConfiguration section */

/* Begin XCConfigurationList section */
		33FBD3911DB8CA2800788830 /* Build configuration list for PBXProject "Keychain-Example-Login" */ = {
			isa = XCConfigurationList;
			buildConfigurations = (
				33FBD3A91DB8CA2900788830 /* Debug */,
				33FBD3AA1DB8CA2900788830 /* Release */,
			);
			defaultConfigurationIsVisible = 0;
			defaultConfigurationName = Release;
		};
		33FBD3AB1DB8CA2900788830 /* Build configuration list for PBXNativeTarget "Keychain-Example-Login" */ = {
			isa = XCConfigurationList;
			buildConfigurations = (
				33FBD3AC1DB8CA2900788830 /* Debug */,
				33FBD3AD1DB8CA2900788830 /* Release */,
			);
			defaultConfigurationIsVisible = 0;
		};
/* End XCConfigurationList section */

/* Begin XCVersionGroup section */
		33FBD3A01DB8CA2900788830 /* Keychain_Example_Login.xcdatamodeld */ = {
			isa = XCVersionGroup;
			children = (
				33FBD3A11DB8CA2900788830 /* Keychain_Example_Login.xcdatamodel */,
			);
			currentVersion = 33FBD3A11DB8CA2900788830 /* Keychain_Example_Login.xcdatamodel */;
			path = Keychain_Example_Login.xcdatamodeld;
			sourceTree = "<group>";
			versionGroupType = wrapper.xcdatamodel;
		};
/* End XCVersionGroup section */
	};
	rootObject = 33FBD38E1DB8CA2800788830 /* Project object */;
}
